// !$*UTF8*$!
{
	archiveVersion = 1;
	classes = {
	};
	objectVersion = 46;
	objects = {

/* Begin PBXBuildFile section */
		F57988011486C8C90057BC12 /* ESDebugConsole.m in Sources */ = {isa = PBXBuildFile; fileRef = F57988001486C8C90057BC12 /* ESDebugConsole.m */; };
		F5FBA4081485BF8C003DEF69 /* UIKit.framework in Frameworks */ = {isa = PBXBuildFile; fileRef = F5FBA4071485BF8C003DEF69 /* UIKit.framework */; };
		F5FBA40A1485BF8C003DEF69 /* Foundation.framework in Frameworks */ = {isa = PBXBuildFile; fileRef = F5FBA4091485BF8C003DEF69 /* Foundation.framework */; };
		F5FBA40C1485BF8C003DEF69 /* CoreGraphics.framework in Frameworks */ = {isa = PBXBuildFile; fileRef = F5FBA40B1485BF8C003DEF69 /* CoreGraphics.framework */; };
		F5FBA4121485BF8C003DEF69 /* InfoPlist.strings in Resources */ = {isa = PBXBuildFile; fileRef = F5FBA4101485BF8C003DEF69 /* InfoPlist.strings */; };
		F5FBA4141485BF8C003DEF69 /* main.m in Sources */ = {isa = PBXBuildFile; fileRef = F5FBA4131485BF8C003DEF69 /* main.m */; };
		F5FBA4181485BF8C003DEF69 /* ESAppDelegate.m in Sources */ = {isa = PBXBuildFile; fileRef = F5FBA4171485BF8C003DEF69 /* ESAppDelegate.m */; };
/* End PBXBuildFile section */

/* Begin PBXFileReference section */
		F57987FF1486C8C90057BC12 /* ESDebugConsole.h */ = {isa = PBXFileReference; fileEncoding = 4; lastKnownFileType = sourcecode.c.h; path = ESDebugConsole.h; sourceTree = "<group>"; };
		F57988001486C8C90057BC12 /* ESDebugConsole.m */ = {isa = PBXFileReference; fileEncoding = 4; lastKnownFileType = sourcecode.c.objc; path = ESDebugConsole.m; sourceTree = "<group>"; };
		F5FBA4031485BF8C003DEF69 /* Debuggery.app */ = {isa = PBXFileReference; explicitFileType = wrapper.application; includeInIndex = 0; path = Debuggery.app; sourceTree = BUILT_PRODUCTS_DIR; };
		F5FBA4071485BF8C003DEF69 /* UIKit.framework */ = {isa = PBXFileReference; lastKnownFileType = wrapper.framework; name = UIKit.framework; path = System/Library/Frameworks/UIKit.framework; sourceTree = SDKROOT; };
		F5FBA4091485BF8C003DEF69 /* Foundation.framework */ = {isa = PBXFileReference; lastKnownFileType = wrapper.framework; name = Foundation.framework; path = System/Library/Frameworks/Foundation.framework; sourceTree = SDKROOT; };
		F5FBA40B1485BF8C003DEF69 /* CoreGraphics.framework */ = {isa = PBXFileReference; lastKnownFileType = wrapper.framework; name = CoreGraphics.framework; path = System/Library/Frameworks/CoreGraphics.framework; sourceTree = SDKROOT; };
		F5FBA40F1485BF8C003DEF69 /* Debuggery-Info.plist */ = {isa = PBXFileReference; lastKnownFileType = text.plist.xml; path = "Debuggery-Info.plist"; sourceTree = "<group>"; };
		F5FBA4111485BF8C003DEF69 /* en */ = {isa = PBXFileReference; lastKnownFileType = text.plist.strings; name = en; path = en.lproj/InfoPlist.strings; sourceTree = "<group>"; };
		F5FBA4131485BF8C003DEF69 /* main.m */ = {isa = PBXFileReference; lastKnownFileType = sourcecode.c.objc; path = main.m; sourceTree = "<group>"; };
		F5FBA4151485BF8C003DEF69 /* Debuggery-Prefix.pch */ = {isa = PBXFileReference; lastKnownFileType = sourcecode.c.h; path = "Debuggery-Prefix.pch"; sourceTree = "<group>"; };
		F5FBA4161485BF8C003DEF69 /* ESAppDelegate.h */ = {isa = PBXFileReference; lastKnownFileType = sourcecode.c.h; path = ESAppDelegate.h; sourceTree = "<group>"; };
		F5FBA4171485BF8C003DEF69 /* ESAppDelegate.m */ = {isa = PBXFileReference; lastKnownFileType = sourcecode.c.objc; path = ESAppDelegate.m; sourceTree = "<group>"; };
/* End PBXFileReference section */

/* Begin PBXFrameworksBuildPhase section */
		F5FBA4001485BF8C003DEF69 /* Frameworks */ = {
			isa = PBXFrameworksBuildPhase;
			buildActionMask = 2147483647;
			files = (
				F5FBA4081485BF8C003DEF69 /* UIKit.framework in Frameworks */,
				F5FBA40A1485BF8C003DEF69 /* Foundation.framework in Frameworks */,
				F5FBA40C1485BF8C003DEF69 /* CoreGraphics.framework in Frameworks */,
			);
			runOnlyForDeploymentPostprocessing = 0;
		};
/* End PBXFrameworksBuildPhase section */

/* Begin PBXGroup section */
		F57987FE1486C8C90057BC12 /* ESDebugConsole */ = {
			isa = PBXGroup;
			children = (
				F57987FF1486C8C90057BC12 /* ESDebugConsole.h */,
				F57988001486C8C90057BC12 /* ESDebugConsole.m */,
			);
			name = ESDebugConsole;
			path = UsefulBits/ESDebugConsole;
			sourceTree = "<group>";
		};
		F5FBA3F81485BF8C003DEF69 = {
			isa = PBXGroup;
			children = (
				F57987FE1486C8C90057BC12 /* ESDebugConsole */,
				F5FBA40D1485BF8C003DEF69 /* Debuggery */,
				F5FBA4061485BF8C003DEF69 /* Frameworks */,
				F5FBA4041485BF8C003DEF69 /* Products */,
			);
			sourceTree = "<group>";
		};
		F5FBA4041485BF8C003DEF69 /* Products */ = {
			isa = PBXGroup;
			children = (
				F5FBA4031485BF8C003DEF69 /* Debuggery.app */,
			);
			name = Products;
			sourceTree = "<group>";
		};
		F5FBA4061485BF8C003DEF69 /* Frameworks */ = {
			isa = PBXGroup;
			children = (
				F5FBA4071485BF8C003DEF69 /* UIKit.framework */,
				F5FBA4091485BF8C003DEF69 /* Foundation.framework */,
				F5FBA40B1485BF8C003DEF69 /* CoreGraphics.framework */,
			);
			name = Frameworks;
			sourceTree = "<group>";
		};
		F5FBA40D1485BF8C003DEF69 /* Debuggery */ = {
			isa = PBXGroup;
			children = (
				F5FBA4161485BF8C003DEF69 /* ESAppDelegate.h */,
				F5FBA4171485BF8C003DEF69 /* ESAppDelegate.m */,
				F5FBA40E1485BF8C003DEF69 /* Supporting Files */,
			);
			path = Debuggery;
			sourceTree = "<group>";
		};
		F5FBA40E1485BF8C003DEF69 /* Supporting Files */ = {
			isa = PBXGroup;
			children = (
				F5FBA40F1485BF8C003DEF69 /* Debuggery-Info.plist */,
				F5FBA4101485BF8C003DEF69 /* InfoPlist.strings */,
				F5FBA4131485BF8C003DEF69 /* main.m */,
				F5FBA4151485BF8C003DEF69 /* Debuggery-Prefix.pch */,
			);
			name = "Supporting Files";
			sourceTree = "<group>";
		};
/* End PBXGroup section */

/* Begin PBXNativeTarget section */
		F5FBA4021485BF8C003DEF69 /* Debuggery */ = {
			isa = PBXNativeTarget;
			buildConfigurationList = F5FBA41B1485BF8C003DEF69 /* Build configuration list for PBXNativeTarget "Debuggery" */;
			buildPhases = (
				F5FBA3FF1485BF8C003DEF69 /* Sources */,
				F5FBA4001485BF8C003DEF69 /* Frameworks */,
				F5FBA4011485BF8C003DEF69 /* Resources */,
			);
			buildRules = (
			);
			dependencies = (
			);
			name = Debuggery;
			productName = Debuggery;
			productReference = F5FBA4031485BF8C003DEF69 /* Debuggery.app */;
			productType = "com.apple.product-type.application";
		};
/* End PBXNativeTarget section */

/* Begin PBXProject section */
		F5FBA3FA1485BF8C003DEF69 /* Project object */ = {
			isa = PBXProject;
			attributes = {
				LastUpgradeCheck = 0420;
				ORGANIZATIONNAME = "Doug Russell";
			};
			buildConfigurationList = F5FBA3FD1485BF8C003DEF69 /* Build configuration list for PBXProject "Debuggery" */;
			compatibilityVersion = "Xcode 3.2";
			developmentRegion = English;
			hasScannedForEncodings = 0;
			knownRegions = (
				en,
			);
			mainGroup = F5FBA3F81485BF8C003DEF69;
			productRefGroup = F5FBA4041485BF8C003DEF69 /* Products */;
			projectDirPath = "";
			projectRoot = "";
			targets = (
				F5FBA4021485BF8C003DEF69 /* Debuggery */,
			);
		};
/* End PBXProject section */

/* Begin PBXResourcesBuildPhase section */
		F5FBA4011485BF8C003DEF69 /* Resources */ = {
			isa = PBXResourcesBuildPhase;
			buildActionMask = 2147483647;
			files = (
				F5FBA4121485BF8C003DEF69 /* InfoPlist.strings in Resources */,
			);
			runOnlyForDeploymentPostprocessing = 0;
		};
/* End PBXResourcesBuildPhase section */

/* Begin PBXSourcesBuildPhase section */
		F5FBA3FF1485BF8C003DEF69 /* Sources */ = {
			isa = PBXSourcesBuildPhase;
			buildActionMask = 2147483647;
			files = (
				F5FBA4141485BF8C003DEF69 /* main.m in Sources */,
				F5FBA4181485BF8C003DEF69 /* ESAppDelegate.m in Sources */,
				F57988011486C8C90057BC12 /* ESDebugConsole.m in Sources */,
			);
			runOnlyForDeploymentPostprocessing = 0;
		};
/* End PBXSourcesBuildPhase section */

/* Begin PBXVariantGroup section */
		F5FBA4101485BF8C003DEF69 /* InfoPlist.strings */ = {
			isa = PBXVariantGroup;
			children = (
				F5FBA4111485BF8C003DEF69 /* en */,
			);
			name = InfoPlist.strings;
			sourceTree = "<group>";
		};
/* End PBXVariantGroup section */

/* Begin XCBuildConfiguration section */
		F5FBA4191485BF8C003DEF69 /* Debug */ = {
			isa = XCBuildConfiguration;
			buildSettings = {
				ALWAYS_SEARCH_USER_PATHS = NO;
				ARCHS = "$(ARCHS_STANDARD_32_BIT)";
				CLANG_ENABLE_OBJC_ARC = YES;
				"CODE_SIGN_IDENTITY[sdk=iphoneos*]" = "iPhone Developer";
				COPY_PHASE_STRIP = NO;
				GCC_C_LANGUAGE_STANDARD = gnu99;
				GCC_DYNAMIC_NO_PIC = NO;
				GCC_OPTIMIZATION_LEVEL = 0;
				GCC_PREPROCESSOR_DEFINITIONS = (
					"DEBUG=1",
					"$(inherited)",
				);
				GCC_SYMBOLS_PRIVATE_EXTERN = NO;
				GCC_VERSION = com.apple.compilers.llvm.clang.1_0;
				GCC_WARN_ABOUT_MISSING_PROTOTYPES = YES;
				GCC_WARN_ABOUT_RETURN_TYPE = YES;
				GCC_WARN_UNUSED_VARIABLE = YES;
				IPHONEOS_DEPLOYMENT_TARGET = 5.0;
				SDKROOT = iphoneos;
				TARGETED_DEVICE_FAMILY = "1,2";
			};
			name = Debug;
		};
		F5FBA41A1485BF8C003DEF69 /* Release */ = {
			isa = XCBuildConfiguration;
			buildSettings = {
				ALWAYS_SEARCH_USER_PATHS = NO;
				ARCHS = "$(ARCHS_STANDARD_32_BIT)";
				CLANG_ENABLE_OBJC_ARC = YES;
				"CODE_SIGN_IDENTITY[sdk=iphoneos*]" = "iPhone Developer";
				COPY_PHASE_STRIP = YES;
				GCC_C_LANGUAGE_STANDARD = gnu99;
				GCC_VERSION = com.apple.compilers.llvm.clang.1_0;
				GCC_WARN_ABOUT_MISSING_PROTOTYPES = YES;
				GCC_WARN_ABOUT_RETURN_TYPE = YES;
				GCC_WARN_UNUSED_VARIABLE = YES;
				IPHONEOS_DEPLOYMENT_TARGET = 5.0;
				OTHER_CFLAGS = "-DNS_BLOCK_ASSERTIONS=1";
				SDKROOT = iphoneos;
				TARGETED_DEVICE_FAMILY = "1,2";
				VALIDATE_PRODUCT = YES;
			};
			name = Release;
		};
		F5FBA41C1485BF8C003DEF69 /* Debug */ = {
			isa = XCBuildConfiguration;
			buildSettings = {
				GCC_PRECOMPILE_PREFIX_HEADER = YES;
				GCC_PREFIX_HEADER = "Debuggery/Debuggery-Prefix.pch";
				INFOPLIST_FILE = "Debuggery/Debuggery-Info.plist";
				PRODUCT_NAME = "$(TARGET_NAME)";
				WRAPPER_EXTENSION = app;
			};
			name = Debug;
		};
		F5FBA41D1485BF8C003DEF69 /* Release */ = {
			isa = XCBuildConfiguration;
			buildSettings = {
				GCC_PRECOMPILE_PREFIX_HEADER = YES;
				GCC_PREFIX_HEADER = "Debuggery/Debuggery-Prefix.pch";
				INFOPLIST_FILE = "Debuggery/Debuggery-Info.plist";
				PRODUCT_NAME = "$(TARGET_NAME)";
				WRAPPER_EXTENSION = app;
			};
			name = Release;
		};
/* End XCBuildConfiguration section */

/* Begin XCConfigurationList section */
		F5FBA3FD1485BF8C003DEF69 /* Build configuration list for PBXProject "Debuggery" */ = {
			isa = XCConfigurationList;
			buildConfigurations = (
				F5FBA4191485BF8C003DEF69 /* Debug */,
				F5FBA41A1485BF8C003DEF69 /* Release */,
			);
			defaultConfigurationIsVisible = 0;
			defaultConfigurationName = Release;
		};
		F5FBA41B1485BF8C003DEF69 /* Build configuration list for PBXNativeTarget "Debuggery" */ = {
			isa = XCConfigurationList;
			buildConfigurations = (
				F5FBA41C1485BF8C003DEF69 /* Debug */,
				F5FBA41D1485BF8C003DEF69 /* Release */,
			);
			defaultConfigurationIsVisible = 0;
			defaultConfigurationName = Release;
		};
/* End XCConfigurationList section */
	};
	rootObject = F5FBA3FA1485BF8C003DEF69 /* Project object */;
}
